
Microsoft Visual Studio Solution File, Format Version 12.00
# Visual Studio Version 17
VisualStudioVersion = 17.4.33122.133
MinimumVisualStudioVersion = 10.0.40219.1
Project("{9A19103F-16F7-4668-BE54-9A1E7A4F7556}") = "FCMService", "FCMService.csproj", "{A5525135-2BED-4222-86D6-9E53CEADBD68}"
EndProject
Project("{2150E333-8FDC-42A3-9474-1A3956D46DE8}") = "솔루션 항목", "솔루션 항목", "{EECA5605-101A-4588-B83E-951260AE7249}"
EndProject
Project("{2150E333-8FDC-42A3-9474-1A3956D46DE8}") = "Solution Items", "Solution Items", "{1F9B5E5B-8378-45F1-8A41-6B60DBEA6CC0}"
	ProjectSection(SolutionItems) = preProject
		.editorconfig = .editorconfig
	EndProjectSection
EndProject
Global
	GlobalSection(SolutionConfigurationPlatforms) = preSolution
		Debug|Any CPU = Debug|Any CPU
		Release|Any CPU = Release|Any CPU
	EndGlobalSection
	GlobalSection(ProjectConfigurationPlatforms) = postSolution
		{A5525135-2BED-4222-86D6-9E53CEADBD68}.Debug|Any CPU.ActiveCfg = Debug|Any CPU
		{A5525135-2BED-4222-86D6-9E53CEADBD68}.Debug|Any CPU.Build.0 = Debug|Any CPU
		{A5525135-2BED-4222-86D6-9E53CEADBD68}.Release|Any CPU.ActiveCfg = Release|Any CPU
		{A5525135-2BED-4222-86D6-9E53CEADBD68}.Release|Any CPU.Build.0 = Release|Any CPU
	EndGlobalSection
	GlobalSection(SolutionProperties) = preSolution
		HideSolutionNode = FALSE
	EndGlobalSection
	GlobalSection(ExtensibilityGlobals) = postSolution
		SolutionGuid = {6F3844C7-9BFB-46DA-879F-CD3A874A8E3A}
	EndGlobalSection
EndGlobal
